GEM
  remote: https://rubygems.org/
  specs:
    base64 (0.3.0)
    csv (3.3.5)
    ffi (1.17.3-arm64-darwin)
    ffi (1.17.3-x86_64-darwin)
    ffi (1.17.3-x86_64-linux-gnu)
    ffi (1.17.3-x86_64-linux-musl)
    informers (1.2.1)
      onnxruntime (>= 0.9)
      tokenizers (>= 0.5.3)
    logger (1.7.0)
    mustermann (3.0.4)
      ruby2_keywords (~> 0.0.1)
    nio4r (2.7.5)
    onnxruntime (0.11.0-arm64-darwin)
      ffi
    onnxruntime (0.11.0-x86_64-darwin)
      ffi
    onnxruntime (0.11.0-x86_64-linux)
      ffi
    puma (7.2.0)
      nio4r (~> 2.0)
    rack (3.2.5)
    rack-protection (4.2.1)
      base64 (>= 0.1.0)
      logger (>= 1.6.0)
      rack (>= 3.0.0, < 4)
    rack-session (2.1.1)
      base64 (>= 0.1.0)
      rack (>= 3.0.0)
    rackup (2.3.1)
      rack (>= 3)
    ruby2_keywords (0.0.5)
    sinatra (4.2.1)
      logger (>= 1.6.0)
      mustermann (~> 3.0)
      rack (>= 3.0.0, < 4)
      rack-protection (= 4.2.1)
      rack-session (>= 2.0.0, < 3)
      tilt (~> 2.0)
    sqlite-vec (0.1.6-arm64-darwin)
    sqlite-vec (0.1.6-x86_64-darwin)
    sqlite-vec (0.1.6-x86_64-linux)
    sqlite3 (2.9.1-arm64-darwin)
    sqlite3 (2.9.1-x86_64-darwin)
    sqlite3 (2.9.1-x86_64-linux-gnu)
    sqlite3 (2.9.1-x86_64-linux-musl)
    tilt (2.7.0)
    tokenizers (0.6.3-arm64-darwin)
    tokenizers (0.6.3-x86_64-darwin)
    tokenizers (0.6.3-x86_64-linux)
    tokenizers (0.6.3-x86_64-linux-musl)

PLATFORMS
  arm64-darwin
  x86_64-darwin
  x86_64-linux
  x86_64-linux-gnu
  x86_64-linux-musl

DEPENDENCIES
  csv
  informers
  puma
  rackup
  sinatra
  sqlite-vec
  sqlite3

BUNDLED WITH
   2.7.2
